
Microsoft Visual Studio Solution File, Format Version 12.00
# Visual Studio Version 17
VisualStudioVersion = 17.8.34330.188
MinimumVisualStudioVersion = 10.0.40219.1
Project("{9A19103F-16F7-4668-BE54-9A1E7A4F7556}") = "ContactsService", "BuberBreakfast\ContactsService.csproj", "{D9E151D3-4D6B-4529-8EEA-F552C1244FBA}"
EndProject
Project("{9A19103F-16F7-4668-BE54-9A1E7A4F7556}") = "APIGateway_v2", "APIGateway_v2\APIGateway_v2.csproj", "{192A5509-DA6B-43B9-B4B3-AA8D6E062FB7}"
EndProject
Project("{9A19103F-16F7-4668-BE54-9A1E7A4F7556}") = "Ocelot_demo", "Ocelot_demo\Ocelot_demo.csproj", "{94491AFA-58E6-4D1F-BC1C-09548832168C}"
EndProject
Project("{2150E333-8FDC-42A3-9474-1A3956D46DE8}") = "AddressService", "AddressService", "{34E22C53-CC86-4ECB-93FB-F0A18A0FF2DD}"
EndProject
Project("{FAE04EC0-301F-11D3-BF4B-00C04F79EFBC}") = "DataAccessLayer", "DataAccessLayer\DataAccessLayer.csproj", "{11B89985-979C-4BDB-9F6C-45DEACC01E61}"
EndProject
Project("{FAE04EC0-301F-11D3-BF4B-00C04F79EFBC}") = "BusinessLogicLayer", "BusinessLogicLayer\BusinessLogicLayer.csproj", "{43A0EDDD-ABB0-42E6-9104-860E5E7459F6}"
EndProject
Project("{FAE04EC0-301F-11D3-BF4B-00C04F79EFBC}") = "AddressServiceEndPoints", "AddressServiceEndPoints\AddressServiceEndPoints.csproj", "{67EF273F-7209-4EE6-B662-69F2EE404B46}"
EndProject
Global
	GlobalSection(SolutionConfigurationPlatforms) = preSolution
		Debug|Any CPU = Debug|Any CPU
		Release|Any CPU = Release|Any CPU
	EndGlobalSection
	GlobalSection(ProjectConfigurationPlatforms) = postSolution
		{D9E151D3-4D6B-4529-8EEA-F552C1244FBA}.Debug|Any CPU.ActiveCfg = Debug|Any CPU
		{D9E151D3-4D6B-4529-8EEA-F552C1244FBA}.Debug|Any CPU.Build.0 = Debug|Any CPU
		{D9E151D3-4D6B-4529-8EEA-F552C1244FBA}.Release|Any CPU.ActiveCfg = Release|Any CPU
		{D9E151D3-4D6B-4529-8EEA-F552C1244FBA}.Release|Any CPU.Build.0 = Release|Any CPU
		{192A5509-DA6B-43B9-B4B3-AA8D6E062FB7}.Debug|Any CPU.ActiveCfg = Debug|Any CPU
		{192A5509-DA6B-43B9-B4B3-AA8D6E062FB7}.Debug|Any CPU.Build.0 = Debug|Any CPU
		{192A5509-DA6B-43B9-B4B3-AA8D6E062FB7}.Release|Any CPU.ActiveCfg = Release|Any CPU
		{192A5509-DA6B-43B9-B4B3-AA8D6E062FB7}.Release|Any CPU.Build.0 = Release|Any CPU
		{94491AFA-58E6-4D1F-BC1C-09548832168C}.Debug|Any CPU.ActiveCfg = Debug|Any CPU
		{94491AFA-58E6-4D1F-BC1C-09548832168C}.Debug|Any CPU.Build.0 = Debug|Any CPU
		{94491AFA-58E6-4D1F-BC1C-09548832168C}.Release|Any CPU.ActiveCfg = Release|Any CPU
		{94491AFA-58E6-4D1F-BC1C-09548832168C}.Release|Any CPU.Build.0 = Release|Any CPU
		{11B89985-979C-4BDB-9F6C-45DEACC01E61}.Debug|Any CPU.ActiveCfg = Debug|Any CPU
		{11B89985-979C-4BDB-9F6C-45DEACC01E61}.Debug|Any CPU.Build.0 = Debug|Any CPU
		{11B89985-979C-4BDB-9F6C-45DEACC01E61}.Release|Any CPU.ActiveCfg = Release|Any CPU
		{11B89985-979C-4BDB-9F6C-45DEACC01E61}.Release|Any CPU.Build.0 = Release|Any CPU
		{43A0EDDD-ABB0-42E6-9104-860E5E7459F6}.Debug|Any CPU.ActiveCfg = Debug|Any CPU
		{43A0EDDD-ABB0-42E6-9104-860E5E7459F6}.Debug|Any CPU.Build.0 = Debug|Any CPU
		{43A0EDDD-ABB0-42E6-9104-860E5E7459F6}.Release|Any CPU.ActiveCfg = Release|Any CPU
		{43A0EDDD-ABB0-42E6-9104-860E5E7459F6}.Release|Any CPU.Build.0 = Release|Any CPU
		{67EF273F-7209-4EE6-B662-69F2EE404B46}.Debug|Any CPU.ActiveCfg = Debug|Any CPU
		{67EF273F-7209-4EE6-B662-69F2EE404B46}.Debug|Any CPU.Build.0 = Debug|Any CPU
		{67EF273F-7209-4EE6-B662-69F2EE404B46}.Release|Any CPU.ActiveCfg = Release|Any CPU
		{67EF273F-7209-4EE6-B662-69F2EE404B46}.Release|Any CPU.Build.0 = Release|Any CPU
	EndGlobalSection
	GlobalSection(SolutionProperties) = preSolution
		HideSolutionNode = FALSE
	EndGlobalSection
	GlobalSection(NestedProjects) = preSolution
		{11B89985-979C-4BDB-9F6C-45DEACC01E61} = {34E22C53-CC86-4ECB-93FB-F0A18A0FF2DD}
		{43A0EDDD-ABB0-42E6-9104-860E5E7459F6} = {34E22C53-CC86-4ECB-93FB-F0A18A0FF2DD}
		{67EF273F-7209-4EE6-B662-69F2EE404B46} = {34E22C53-CC86-4ECB-93FB-F0A18A0FF2DD}
	EndGlobalSection
	GlobalSection(ExtensibilityGlobals) = postSolution
		SolutionGuid = {F4247521-F455-4339-BBBF-73B117E9FA78}
	EndGlobalSection
EndGlobal
